// !$*UTF8*$!
{
	archiveVersion = 1;
	classes = {
	};
	objectVersion = 50;
	objects = {

/* Begin PBXBuildFile section */
		10B18C37CC14B086ED14CBD7 /* Pods_DYLive.framework in Frameworks */ = {isa = PBXBuildFile; fileRef = B66F738A0471E3DFE48D0EDF /* Pods_DYLive.framework */; };
		7A0F063D226089F900DD89F5 /* AppDelegate.swift in Sources */ = {isa = PBXBuildFile; fileRef = 7A0F063C226089F900DD89F5 /* AppDelegate.swift */; };
		7A0F0642226089F900DD89F5 /* Main.storyboard in Resources */ = {isa = PBXBuildFile; fileRef = 7A0F0640226089F900DD89F5 /* Main.storyboard */; };
		7A0F0644226089FA00DD89F5 /* Assets.xcassets in Resources */ = {isa = PBXBuildFile; fileRef = 7A0F0643226089FA00DD89F5 /* Assets.xcassets */; };
		7A0F0647226089FA00DD89F5 /* LaunchScreen.storyboard in Resources */ = {isa = PBXBuildFile; fileRef = 7A0F0645226089FA00DD89F5 /* LaunchScreen.storyboard */; };
		7A0F066022608ED200DD89F5 /* Home.storyboard in Resources */ = {isa = PBXBuildFile; fileRef = 7A0F065F22608ED200DD89F5 /* Home.storyboard */; };
		7A0F066222608F1D00DD89F5 /* Live.storyboard in Resources */ = {isa = PBXBuildFile; fileRef = 7A0F066122608F1D00DD89F5 /* Live.storyboard */; };
		7A0F066422608F4200DD89F5 /* Follow.storyboard in Resources */ = {isa = PBXBuildFile; fileRef = 7A0F066322608F4200DD89F5 /* Follow.storyboard */; };
		7A0F066622608F5F00DD89F5 /* Profile.storyboard in Resources */ = {isa = PBXBuildFile; fileRef = 7A0F066522608F5F00DD89F5 /* Profile.storyboard */; };
		7A0F066D22609A2D00DD89F5 /* MainViewController.swift in Sources */ = {isa = PBXBuildFile; fileRef = 7A0F066C22609A2D00DD89F5 /* MainViewController.swift */; };
		7A0F067B2264547900DD89F5 /* HomeViewController.swift in Sources */ = {isa = PBXBuildFile; fileRef = 7A0F067A2264547900DD89F5 /* HomeViewController.swift */; };
		7A0F067E22645AFF00DD89F5 /* UIBarButtonItem-Extension.swift in Sources */ = {isa = PBXBuildFile; fileRef = 7A0F067D22645AFF00DD89F5 /* UIBarButtonItem-Extension.swift */; };
		7A0F06802264635700DD89F5 /* PageTitleView.swift in Sources */ = {isa = PBXBuildFile; fileRef = 7A0F067F2264635700DD89F5 /* PageTitleView.swift */; };
		7A0F06822264653D00DD89F5 /* Common.swift in Sources */ = {isa = PBXBuildFile; fileRef = 7A0F06812264653D00DD89F5 /* Common.swift */; };
		7AC53742226D4787001CB912 /* GameModel.swift in Sources */ = {isa = PBXBuildFile; fileRef = 7AC53741226D4787001CB912 /* GameModel.swift */; };
		7AC53744226D4B92001CB912 /* BaseGameModel.swift in Sources */ = {isa = PBXBuildFile; fileRef = 7AC53743226D4B92001CB912 /* BaseGameModel.swift */; };
		7AC53746226D5D84001CB912 /* AmuseViewController.swift in Sources */ = {isa = PBXBuildFile; fileRef = 7AC53745226D5D84001CB912 /* AmuseViewController.swift */; };
		7AC53748226D624F001CB912 /* AmuseViewModel.swift in Sources */ = {isa = PBXBuildFile; fileRef = 7AC53747226D624F001CB912 /* AmuseViewModel.swift */; };
		7AC5374B226D67CD001CB912 /* BaseViewModel.swift in Sources */ = {isa = PBXBuildFile; fileRef = 7AC5374A226D67CD001CB912 /* BaseViewModel.swift */; };
		7AC5374D226D6C68001CB912 /* BaseAnchorViewController.swift in Sources */ = {isa = PBXBuildFile; fileRef = 7AC5374C226D6C68001CB912 /* BaseAnchorViewController.swift */; };
		7AC5374F226D90EF001CB912 /* AmuseMenuView.swift in Sources */ = {isa = PBXBuildFile; fileRef = 7AC5374E226D90EF001CB912 /* AmuseMenuView.swift */; };
		7AC53751226D912A001CB912 /* AmuseMenuView.xib in Resources */ = {isa = PBXBuildFile; fileRef = 7AC53750226D912A001CB912 /* AmuseMenuView.xib */; };
		7AC53754226D9D48001CB912 /* AmuseMenuViewCell.swift in Sources */ = {isa = PBXBuildFile; fileRef = 7AC53752226D9D48001CB912 /* AmuseMenuViewCell.swift */; };
		7AC53755226D9D48001CB912 /* AmuseMenuViewCell.xib in Resources */ = {isa = PBXBuildFile; fileRef = 7AC53753226D9D48001CB912 /* AmuseMenuViewCell.xib */; };
		7AC53757226DAB38001CB912 /* FunnyViewController.swift in Sources */ = {isa = PBXBuildFile; fileRef = 7AC53756226DAB38001CB912 /* FunnyViewController.swift */; };
		7AC53759226DAE29001CB912 /* FunnyViewModel.swift in Sources */ = {isa = PBXBuildFile; fileRef = 7AC53758226DAE29001CB912 /* FunnyViewModel.swift */; };
		7AC5375B226DBD71001CB912 /* BaseViewController.swift in Sources */ = {isa = PBXBuildFile; fileRef = 7AC5375A226DBD71001CB912 /* BaseViewController.swift */; };
		7AC53761226E9BE0001CB912 /* RoomShowViewController.swift in Sources */ = {isa = PBXBuildFile; fileRef = 7AC53760226E9BE0001CB912 /* RoomShowViewController.swift */; };
		7AC53763226E9C0E001CB912 /* RoomNormalViewController.swift in Sources */ = {isa = PBXBuildFile; fileRef = 7AC53762226E9C0E001CB912 /* RoomNormalViewController.swift */; };
		7AC53765226EA080001CB912 /* CustomNavigationVc.swift in Sources */ = {isa = PBXBuildFile; fileRef = 7AC53764226EA080001CB912 /* CustomNavigationVc.swift */; };
		7AF1CCEB22648068002DBE91 /* PageContentView.swift in Sources */ = {isa = PBXBuildFile; fileRef = 7AF1CCEA22648068002DBE91 /* PageContentView.swift */; };
		7AF1CCED22648331002DBE91 /* UIColor-Extension.swift in Sources */ = {isa = PBXBuildFile; fileRef = 7AF1CCEC22648331002DBE91 /* UIColor-Extension.swift */; };
		7AF1CCEF2265AC24002DBE91 /* RecommendViewController.swift in Sources */ = {isa = PBXBuildFile; fileRef = 7AF1CCEE2265AC24002DBE91 /* RecommendViewController.swift */; };
		7AF1CCF22265D981002DBE91 /* CollectionHeaderView.swift in Sources */ = {isa = PBXBuildFile; fileRef = 7AF1CCF02265D981002DBE91 /* CollectionHeaderView.swift */; };
		7AF1CCF32265D981002DBE91 /* CollectionHeaderView.xib in Resources */ = {isa = PBXBuildFile; fileRef = 7AF1CCF12265D981002DBE91 /* CollectionHeaderView.xib */; };
		7AF1CCF62265DDEC002DBE91 /* CollectionNormalCell.swift in Sources */ = {isa = PBXBuildFile; fileRef = 7AF1CCF42265DDEC002DBE91 /* CollectionNormalCell.swift */; };
		7AF1CCF72265DDEC002DBE91 /* CollectionNormalCell.xib in Resources */ = {isa = PBXBuildFile; fileRef = 7AF1CCF52265DDEC002DBE91 /* CollectionNormalCell.xib */; };
		7AF1CCFA2266B457002DBE91 /* CollectionPrettyCell.swift in Sources */ = {isa = PBXBuildFile; fileRef = 7AF1CCF82266B457002DBE91 /* CollectionPrettyCell.swift */; };
		7AF1CCFB2266B457002DBE91 /* CollectionPrettyCell.xib in Resources */ = {isa = PBXBuildFile; fileRef = 7AF1CCF92266B457002DBE91 /* CollectionPrettyCell.xib */; };
		7AF1CD1D226712C9002DBE91 /* NetWorkTools.swift in Sources */ = {isa = PBXBuildFile; fileRef = 7AF1CD1C226712C9002DBE91 /* NetWorkTools.swift */; };
		7AF1CD2022671C51002DBE91 /* RecommendViewModel.swift in Sources */ = {isa = PBXBuildFile; fileRef = 7AF1CD1F22671C51002DBE91 /* RecommendViewModel.swift */; };
		7AF1CD2222672643002DBE91 /* NSDate-Extension.swift in Sources */ = {isa = PBXBuildFile; fileRef = 7AF1CD2122672643002DBE91 /* NSDate-Extension.swift */; };
		7AF1CD242267297D002DBE91 /* AnchorGroupModel.swift in Sources */ = {isa = PBXBuildFile; fileRef = 7AF1CD232267297D002DBE91 /* AnchorGroupModel.swift */; };
		7AF1CD2622672FDD002DBE91 /* AnchorModel.swift in Sources */ = {isa = PBXBuildFile; fileRef = 7AF1CD2522672FDD002DBE91 /* AnchorModel.swift */; };
		7AF1CD2822684C94002DBE91 /* CollectionBaseCell.swift in Sources */ = {isa = PBXBuildFile; fileRef = 7AF1CD2722684C94002DBE91 /* CollectionBaseCell.swift */; };
		7AF1CD2A22696353002DBE91 /* RecommendCycleView.swift in Sources */ = {isa = PBXBuildFile; fileRef = 7AF1CD2922696353002DBE91 /* RecommendCycleView.swift */; };
		7AF1CD2C2269639F002DBE91 /* RecommendCycleView.xib in Resources */ = {isa = PBXBuildFile; fileRef = 7AF1CD2B2269639F002DBE91 /* RecommendCycleView.xib */; };
		7AF1CD2E2269778A002DBE91 /* CycleModel.swift in Sources */ = {isa = PBXBuildFile; fileRef = 7AF1CD2D2269778A002DBE91 /* CycleModel.swift */; };
		7AF1CD3122697BB3002DBE91 /* CollectionCycleCell.swift in Sources */ = {isa = PBXBuildFile; fileRef = 7AF1CD2F22697BB3002DBE91 /* CollectionCycleCell.swift */; };
		7AF1CD3222697BB3002DBE91 /* CollectionCycleCell.xib in Resources */ = {isa = PBXBuildFile; fileRef = 7AF1CD3022697BB3002DBE91 /* CollectionCycleCell.xib */; };
		7AF1CD3422699F15002DBE91 /* RecommendGameView.swift in Sources */ = {isa = PBXBuildFile; fileRef = 7AF1CD3322699F15002DBE91 /* RecommendGameView.swift */; };
		7AF1CD3622699F38002DBE91 /* RecommendGameView.xib in Resources */ = {isa = PBXBuildFile; fileRef = 7AF1CD3522699F38002DBE91 /* RecommendGameView.xib */; };
		7AF1CD392269A5F9002DBE91 /* CollectionGameCell.swift in Sources */ = {isa = PBXBuildFile; fileRef = 7AF1CD372269A5F9002DBE91 /* CollectionGameCell.swift */; };
		7AF1CD3A2269A5F9002DBE91 /* CollectionGameCell.xib in Resources */ = {isa = PBXBuildFile; fileRef = 7AF1CD382269A5F9002DBE91 /* CollectionGameCell.xib */; };
		7AF1CD3C2269B8CF002DBE91 /* GameViewController.swift in Sources */ = {isa = PBXBuildFile; fileRef = 7AF1CD3B2269B8CF002DBE91 /* GameViewController.swift */; };
		7AF1CD3E2269C6AF002DBE91 /* GameViewModel.swift in Sources */ = {isa = PBXBuildFile; fileRef = 7AF1CD3D2269C6AF002DBE91 /* GameViewModel.swift */; };
/* End PBXBuildFile section */

/* Begin PBXFileReference section */
		40F0C4B231C3CB73660DA66D /* Pods-DYLive.release.xcconfig */ = {isa = PBXFileReference; includeInIndex = 1; lastKnownFileType = text.xcconfig; name = "Pods-DYLive.release.xcconfig"; path = "Pods/Target Support Files/Pods-DYLive/Pods-DYLive.release.xcconfig"; sourceTree = "<group>"; };
		7A0F0639226089F900DD89F5 /* DYLive.app */ = {isa = PBXFileReference; explicitFileType = wrapper.application; includeInIndex = 0; path = DYLive.app; sourceTree = BUILT_PRODUCTS_DIR; };
		7A0F063C226089F900DD89F5 /* AppDelegate.swift */ = {isa = PBXFileReference; lastKnownFileType = sourcecode.swift; path = AppDelegate.swift; sourceTree = "<group>"; };
		7A0F0641226089F900DD89F5 /* Base */ = {isa = PBXFileReference; lastKnownFileType = file.storyboard; name = Base; path = Base.lproj/Main.storyboard; sourceTree = "<group>"; };
		7A0F0643226089FA00DD89F5 /* Assets.xcassets */ = {isa = PBXFileReference; lastKnownFileType = folder.assetcatalog; path = Assets.xcassets; sourceTree = "<group>"; };
		7A0F0646226089FA00DD89F5 /* Base */ = {isa = PBXFileReference; lastKnownFileType = file.storyboard; name = Base; path = Base.lproj/LaunchScreen.storyboard; sourceTree = "<group>"; };
		7A0F0648226089FA00DD89F5 /* Info.plist */ = {isa = PBXFileReference; lastKnownFileType = text.plist.xml; path = Info.plist; sourceTree = "<group>"; };
		7A0F065F22608ED200DD89F5 /* Home.storyboard */ = {isa = PBXFileReference; fileEncoding = 4; lastKnownFileType = file.storyboard; name = Home.storyboard; path = DYLive/Classes/Home/Home.storyboard; sourceTree = "<group>"; };
		7A0F066122608F1D00DD89F5 /* Live.storyboard */ = {isa = PBXFileReference; fileEncoding = 4; lastKnownFileType = file.storyboard; name = Live.storyboard; path = DYLive/Classes/Live/Live.storyboard; sourceTree = "<group>"; };
		7A0F066322608F4200DD89F5 /* Follow.storyboard */ = {isa = PBXFileReference; fileEncoding = 4; lastKnownFileType = file.storyboard; name = Follow.storyboard; path = DYLive/Classes/Follow/Follow.storyboard; sourceTree = "<group>"; };
		7A0F066522608F5F00DD89F5 /* Profile.storyboard */ = {isa = PBXFileReference; fileEncoding = 4; lastKnownFileType = file.storyboard; name = Profile.storyboard; path = DYLive/Classes/Profile/Profile.storyboard; sourceTree = "<group>"; };
		7A0F066C22609A2D00DD89F5 /* MainViewController.swift */ = {isa = PBXFileReference; fileEncoding = 4; lastKnownFileType = sourcecode.swift; path = MainViewController.swift; sourceTree = "<group>"; };
		7A0F067A2264547900DD89F5 /* HomeViewController.swift */ = {isa = PBXFileReference; lastKnownFileType = sourcecode.swift; path = HomeViewController.swift; sourceTree = "<group>"; };
		7A0F067D22645AFF00DD89F5 /* UIBarButtonItem-Extension.swift */ = {isa = PBXFileReference; lastKnownFileType = sourcecode.swift; path = "UIBarButtonItem-Extension.swift"; sourceTree = "<group>"; };
		7A0F067F2264635700DD89F5 /* PageTitleView.swift */ = {isa = PBXFileReference; lastKnownFileType = sourcecode.swift; path = PageTitleView.swift; sourceTree = "<group>"; };
		7A0F06812264653D00DD89F5 /* Common.swift */ = {isa = PBXFileReference; lastKnownFileType = sourcecode.swift; path = Common.swift; sourceTree = "<group>"; };
		7AC53741226D4787001CB912 /* GameModel.swift */ = {isa = PBXFileReference; lastKnownFileType = sourcecode.swift; path = GameModel.swift; sourceTree = "<group>"; };
		7AC53743226D4B92001CB912 /* BaseGameModel.swift */ = {isa = PBXFileReference; lastKnownFileType = sourcecode.swift; path = BaseGameModel.swift; sourceTree = "<group>"; };
		7AC53745226D5D84001CB912 /* AmuseViewController.swift */ = {isa = PBXFileReference; lastKnownFileType = sourcecode.swift; path = AmuseViewController.swift; sourceTree = "<group>"; };
		7AC53747226D624F001CB912 /* AmuseViewModel.swift */ = {isa = PBXFileReference; lastKnownFileType = sourcecode.swift; path = AmuseViewModel.swift; sourceTree = "<group>"; };
		7AC5374A226D67CD001CB912 /* BaseViewModel.swift */ = {isa = PBXFileReference; lastKnownFileType = sourcecode.swift; path = BaseViewModel.swift; sourceTree = "<group>"; };
		7AC5374C226D6C68001CB912 /* BaseAnchorViewController.swift */ = {isa = PBXFileReference; lastKnownFileType = sourcecode.swift; path = BaseAnchorViewController.swift; sourceTree = "<group>"; };
		7AC5374E226D90EF001CB912 /* AmuseMenuView.swift */ = {isa = PBXFileReference; lastKnownFileType = sourcecode.swift; path = AmuseMenuView.swift; sourceTree = "<group>"; };
		7AC53750226D912A001CB912 /* AmuseMenuView.xib */ = {isa = PBXFileReference; lastKnownFileType = file.xib; path = AmuseMenuView.xib; sourceTree = "<group>"; };
		7AC53752226D9D48001CB912 /* AmuseMenuViewCell.swift */ = {isa = PBXFileReference; lastKnownFileType = sourcecode.swift; path = AmuseMenuViewCell.swift; sourceTree = "<group>"; };
		7AC53753226D9D48001CB912 /* AmuseMenuViewCell.xib */ = {isa = PBXFileReference; lastKnownFileType = file.xib; path = AmuseMenuViewCell.xib; sourceTree = "<group>"; };
		7AC53756226DAB38001CB912 /* FunnyViewController.swift */ = {isa = PBXFileReference; lastKnownFileType = sourcecode.swift; path = FunnyViewController.swift; sourceTree = "<group>"; };
		7AC53758226DAE29001CB912 /* FunnyViewModel.swift */ = {isa = PBXFileReference; lastKnownFileType = sourcecode.swift; path = FunnyViewModel.swift; sourceTree = "<group>"; };
		7AC5375A226DBD71001CB912 /* BaseViewController.swift */ = {isa = PBXFileReference; lastKnownFileType = sourcecode.swift; path = BaseViewController.swift; sourceTree = "<group>"; };
		7AC53760226E9BE0001CB912 /* RoomShowViewController.swift */ = {isa = PBXFileReference; lastKnownFileType = sourcecode.swift; path = RoomShowViewController.swift; sourceTree = "<group>"; };
		7AC53762226E9C0E001CB912 /* RoomNormalViewController.swift */ = {isa = PBXFileReference; lastKnownFileType = sourcecode.swift; path = RoomNormalViewController.swift; sourceTree = "<group>"; };
		7AC53764226EA080001CB912 /* CustomNavigationVc.swift */ = {isa = PBXFileReference; lastKnownFileType = sourcecode.swift; path = CustomNavigationVc.swift; sourceTree = "<group>"; };
		7AF1CCEA22648068002DBE91 /* PageContentView.swift */ = {isa = PBXFileReference; lastKnownFileType = sourcecode.swift; path = PageContentView.swift; sourceTree = "<group>"; };
		7AF1CCEC22648331002DBE91 /* UIColor-Extension.swift */ = {isa = PBXFileReference; lastKnownFileType = sourcecode.swift; path = "UIColor-Extension.swift"; sourceTree = "<group>"; };
		7AF1CCEE2265AC24002DBE91 /* RecommendViewController.swift */ = {isa = PBXFileReference; lastKnownFileType = sourcecode.swift; path = RecommendViewController.swift; sourceTree = "<group>"; };
		7AF1CCF02265D981002DBE91 /* CollectionHeaderView.swift */ = {isa = PBXFileReference; lastKnownFileType = sourcecode.swift; path = CollectionHeaderView.swift; sourceTree = "<group>"; };
		7AF1CCF12265D981002DBE91 /* CollectionHeaderView.xib */ = {isa = PBXFileReference; lastKnownFileType = file.xib; path = CollectionHeaderView.xib; sourceTree = "<group>"; };
		7AF1CCF42265DDEC002DBE91 /* CollectionNormalCell.swift */ = {isa = PBXFileReference; lastKnownFileType = sourcecode.swift; path = CollectionNormalCell.swift; sourceTree = "<group>"; };
		7AF1CCF52265DDEC002DBE91 /* CollectionNormalCell.xib */ = {isa = PBXFileReference; lastKnownFileType = file.xib; path = CollectionNormalCell.xib; sourceTree = "<group>"; };
		7AF1CCF82266B457002DBE91 /* CollectionPrettyCell.swift */ = {isa = PBXFileReference; lastKnownFileType = sourcecode.swift; path = CollectionPrettyCell.swift; sourceTree = "<group>"; };
		7AF1CCF92266B457002DBE91 /* CollectionPrettyCell.xib */ = {isa = PBXFileReference; lastKnownFileType = file.xib; path = CollectionPrettyCell.xib; sourceTree = "<group>"; };
		7AF1CD1C226712C9002DBE91 /* NetWorkTools.swift */ = {isa = PBXFileReference; fileEncoding = 4; lastKnownFileType = sourcecode.swift; path = NetWorkTools.swift; sourceTree = "<group>"; };
		7AF1CD1F22671C51002DBE91 /* RecommendViewModel.swift */ = {isa = PBXFileReference; lastKnownFileType = sourcecode.swift; path = RecommendViewModel.swift; sourceTree = "<group>"; };
		7AF1CD2122672643002DBE91 /* NSDate-Extension.swift */ = {isa = PBXFileReference; lastKnownFileType = sourcecode.swift; path = "NSDate-Extension.swift"; sourceTree = "<group>"; };
		7AF1CD232267297D002DBE91 /* AnchorGroupModel.swift */ = {isa = PBXFileReference; lastKnownFileType = sourcecode.swift; path = AnchorGroupModel.swift; sourceTree = "<group>"; };
		7AF1CD2522672FDD002DBE91 /* AnchorModel.swift */ = {isa = PBXFileReference; lastKnownFileType = sourcecode.swift; path = AnchorModel.swift; sourceTree = "<group>"; };
		7AF1CD2722684C94002DBE91 /* CollectionBaseCell.swift */ = {isa = PBXFileReference; lastKnownFileType = sourcecode.swift; path = CollectionBaseCell.swift; sourceTree = "<group>"; };
		7AF1CD2922696353002DBE91 /* RecommendCycleView.swift */ = {isa = PBXFileReference; lastKnownFileType = sourcecode.swift; path = RecommendCycleView.swift; sourceTree = "<group>"; };
		7AF1CD2B2269639F002DBE91 /* RecommendCycleView.xib */ = {isa = PBXFileReference; lastKnownFileType = file.xib; path = RecommendCycleView.xib; sourceTree = "<group>"; };
		7AF1CD2D2269778A002DBE91 /* CycleModel.swift */ = {isa = PBXFileReference; lastKnownFileType = sourcecode.swift; path = CycleModel.swift; sourceTree = "<group>"; };
		7AF1CD2F22697BB3002DBE91 /* CollectionCycleCell.swift */ = {isa = PBXFileReference; lastKnownFileType = sourcecode.swift; path = CollectionCycleCell.swift; sourceTree = "<group>"; };
		7AF1CD3022697BB3002DBE91 /* CollectionCycleCell.xib */ = {isa = PBXFileReference; lastKnownFileType = file.xib; path = CollectionCycleCell.xib; sourceTree = "<group>"; };
		7AF1CD3322699F15002DBE91 /* RecommendGameView.swift */ = {isa = PBXFileReference; lastKnownFileType = sourcecode.swift; path = RecommendGameView.swift; sourceTree = "<group>"; };
		7AF1CD3522699F38002DBE91 /* RecommendGameView.xib */ = {isa = PBXFileReference; lastKnownFileType = file.xib; path = RecommendGameView.xib; sourceTree = "<group>"; };
		7AF1CD372269A5F9002DBE91 /* CollectionGameCell.swift */ = {isa = PBXFileReference; lastKnownFileType = sourcecode.swift; path = CollectionGameCell.swift; sourceTree = "<group>"; };
		7AF1CD382269A5F9002DBE91 /* CollectionGameCell.xib */ = {isa = PBXFileReference; lastKnownFileType = file.xib; path = CollectionGameCell.xib; sourceTree = "<group>"; };
		7AF1CD3B2269B8CF002DBE91 /* GameViewController.swift */ = {isa = PBXFileReference; lastKnownFileType = sourcecode.swift; path = GameViewController.swift; sourceTree = "<group>"; };
		7AF1CD3D2269C6AF002DBE91 /* GameViewModel.swift */ = {isa = PBXFileReference; lastKnownFileType = sourcecode.swift; path = GameViewModel.swift; sourceTree = "<group>"; };
		B66F738A0471E3DFE48D0EDF /* Pods_DYLive.framework */ = {isa = PBXFileReference; explicitFileType = wrapper.framework; includeInIndex = 0; path = Pods_DYLive.framework; sourceTree = BUILT_PRODUCTS_DIR; };
		FB62A64FCB76AE217FEF7140 /* Pods-DYLive.debug.xcconfig */ = {isa = PBXFileReference; includeInIndex = 1; lastKnownFileType = text.xcconfig; name = "Pods-DYLive.debug.xcconfig"; path = "Pods/Target Support Files/Pods-DYLive/Pods-DYLive.debug.xcconfig"; sourceTree = "<group>"; };
/* End PBXFileReference section */

/* Begin PBXFrameworksBuildPhase section */
		7A0F0636226089F900DD89F5 /* Frameworks */ = {
			isa = PBXFrameworksBuildPhase;
			buildActionMask = 2147483647;
			files = (
				10B18C37CC14B086ED14CBD7 /* Pods_DYLive.framework in Frameworks */,
			);
			runOnlyForDeploymentPostprocessing = 0;
		};
/* End PBXFrameworksBuildPhase section */

/* Begin PBXGroup section */
		1D8F9EAE51919F142221BB5D /* Pods */ = {
			isa = PBXGroup;
			children = (
				FB62A64FCB76AE217FEF7140 /* Pods-DYLive.debug.xcconfig */,
				40F0C4B231C3CB73660DA66D /* Pods-DYLive.release.xcconfig */,
			);
			name = Pods;
			sourceTree = "<group>";
		};
		5FFDF7E77F710942143C94C5 /* Frameworks */ = {
			isa = PBXGroup;
			children = (
				B66F738A0471E3DFE48D0EDF /* Pods_DYLive.framework */,
			);
			name = Frameworks;
			sourceTree = "<group>";
		};
		7A0F0630226089F900DD89F5 = {
			isa = PBXGroup;
			children = (
				7A0F066522608F5F00DD89F5 /* Profile.storyboard */,
				7A0F066322608F4200DD89F5 /* Follow.storyboard */,
				7A0F066122608F1D00DD89F5 /* Live.storyboard */,
				7A0F065F22608ED200DD89F5 /* Home.storyboard */,
				7A0F063B226089F900DD89F5 /* DYLive */,
				7A0F063A226089F900DD89F5 /* Products */,
				1D8F9EAE51919F142221BB5D /* Pods */,
				5FFDF7E77F710942143C94C5 /* Frameworks */,
			);
			sourceTree = "<group>";
		};
		7A0F063A226089F900DD89F5 /* Products */ = {
			isa = PBXGroup;
			children = (
				7A0F0639226089F900DD89F5 /* DYLive.app */,
			);
			name = Products;
			sourceTree = "<group>";
		};
		7A0F063B226089F900DD89F5 /* DYLive */ = {
			isa = PBXGroup;
			children = (
				7A0F064E22608A5A00DD89F5 /* Classes */,
				7A0F063C226089F900DD89F5 /* AppDelegate.swift */,
				7A0F0645226089FA00DD89F5 /* LaunchScreen.storyboard */,
				7A0F0648226089FA00DD89F5 /* Info.plist */,
				7A0F0643226089FA00DD89F5 /* Assets.xcassets */,
			);
			path = DYLive;
			sourceTree = "<group>";
		};
		7A0F064E22608A5A00DD89F5 /* Classes */ = {
			isa = PBXGroup;
			children = (
				7A0F065422608A5A00DD89F5 /* Main */,
				7AC5375C226E9BA2001CB912 /* Room */,
				7A0F064F22608A5A00DD89F5 /* Home */,
				7A0F065322608A5A00DD89F5 /* Live */,
				7A0F065122608A5A00DD89F5 /* Follow */,
				7A0F065222608A5A00DD89F5 /* Profile */,
				7A0F065022608A5A00DD89F5 /* Tools */,
			);
			path = Classes;
			sourceTree = "<group>";
		};
		7A0F064F22608A5A00DD89F5 /* Home */ = {
			isa = PBXGroup;
			children = (
				7AF1CD1E22671B8C002DBE91 /* ViewModel */,
				7A0F066F22609A6700DD89F5 /* Model */,
				7A0F067022609A6700DD89F5 /* View */,
				7A0F066E22609A6700DD89F5 /* Contoller */,
			);
			path = Home;
			sourceTree = "<group>";
		};
		7A0F065022608A5A00DD89F5 /* Tools */ = {
			isa = PBXGroup;
			children = (
				7A0F067C22645A8C00DD89F5 /* Extension */,
				7A0F06812264653D00DD89F5 /* Common.swift */,
				7AF1CD1C226712C9002DBE91 /* NetWorkTools.swift */,
			);
			path = Tools;
			sourceTree = "<group>";
		};
		7A0F065122608A5A00DD89F5 /* Follow */ = {
			isa = PBXGroup;
			children = (
				7A0F067822609A9300DD89F5 /* Contoller */,
				7A0F067922609A9300DD89F5 /* Model */,
				7A0F067722609A9300DD89F5 /* View */,
			);
			path = Follow;
			sourceTree = "<group>";
		};
		7A0F065222608A5A00DD89F5 /* Profile */ = {
			isa = PBXGroup;
			children = (
				7A0F067622609A8400DD89F5 /* Contoller */,
				7A0F067422609A8400DD89F5 /* Model */,
				7A0F067522609A8400DD89F5 /* View */,
			);
			path = Profile;
			sourceTree = "<group>";
		};
		7A0F065322608A5A00DD89F5 /* Live */ = {
			isa = PBXGroup;
			children = (
				7A0F067322609A7300DD89F5 /* Contoller */,
				7A0F067122609A7300DD89F5 /* Model */,
				7A0F067222609A7300DD89F5 /* View */,
			);
			path = Live;
			sourceTree = "<group>";
		};
		7A0F065422608A5A00DD89F5 /* Main */ = {
			isa = PBXGroup;
			children = (
				7A0F0640226089F900DD89F5 /* Main.storyboard */,
				7AC53749226D67BC001CB912 /* ViewModel */,
				7A0F066922609A2D00DD89F5 /* Model */,
				7A0F066A22609A2D00DD89F5 /* View */,
				7A0F066B22609A2D00DD89F5 /* Contoller */,
			);
			path = Main;
			sourceTree = "<group>";
		};
		7A0F066922609A2D00DD89F5 /* Model */ = {
			isa = PBXGroup;
			children = (
				7AC53743226D4B92001CB912 /* BaseGameModel.swift */,
				7AF1CD232267297D002DBE91 /* AnchorGroupModel.swift */,
				7AF1CD2522672FDD002DBE91 /* AnchorModel.swift */,
			);
			path = Model;
			sourceTree = "<group>";
		};
		7A0F066A22609A2D00DD89F5 /* View */ = {
			isa = PBXGroup;
			children = (
				7A0F067F2264635700DD89F5 /* PageTitleView.swift */,
				7AF1CCEA22648068002DBE91 /* PageContentView.swift */,
				7AF1CCF42265DDEC002DBE91 /* CollectionNormalCell.swift */,
				7AF1CCF52265DDEC002DBE91 /* CollectionNormalCell.xib */,
				7AF1CCF82266B457002DBE91 /* CollectionPrettyCell.swift */,
				7AF1CCF92266B457002DBE91 /* CollectionPrettyCell.xib */,
				7AF1CD2722684C94002DBE91 /* CollectionBaseCell.swift */,
			);
			path = View;
			sourceTree = "<group>";
		};
		7A0F066B22609A2D00DD89F5 /* Contoller */ = {
			isa = PBXGroup;
			children = (
				7A0F066C22609A2D00DD89F5 /* MainViewController.swift */,
				7AC5375A226DBD71001CB912 /* BaseViewController.swift */,
				7AC5374C226D6C68001CB912 /* BaseAnchorViewController.swift */,
				7AC53764226EA080001CB912 /* CustomNavigationVc.swift */,
			);
			path = Contoller;
			sourceTree = "<group>";
		};
		7A0F066E22609A6700DD89F5 /* Contoller */ = {
			isa = PBXGroup;
			children = (
				7A0F067A2264547900DD89F5 /* HomeViewController.swift */,
				7AF1CCEE2265AC24002DBE91 /* RecommendViewController.swift */,
				7AF1CD3B2269B8CF002DBE91 /* GameViewController.swift */,
				7AC53745226D5D84001CB912 /* AmuseViewController.swift */,
				7AC53756226DAB38001CB912 /* FunnyViewController.swift */,
			);
			path = Contoller;
			sourceTree = "<group>";
		};
		7A0F066F22609A6700DD89F5 /* Model */ = {
			isa = PBXGroup;
			children = (
				7AF1CD2D2269778A002DBE91 /* CycleModel.swift */,
				7AC53741226D4787001CB912 /* GameModel.swift */,
			);
			path = Model;
			sourceTree = "<group>";
		};
		7A0F067022609A6700DD89F5 /* View */ = {
			isa = PBXGroup;
			children = (
				7AF1CCF02265D981002DBE91 /* CollectionHeaderView.swift */,
				7AF1CCF12265D981002DBE91 /* CollectionHeaderView.xib */,
				7AF1CD2922696353002DBE91 /* RecommendCycleView.swift */,
				7AF1CD2B2269639F002DBE91 /* RecommendCycleView.xib */,
				7AF1CD2F22697BB3002DBE91 /* CollectionCycleCell.swift */,
				7AF1CD3022697BB3002DBE91 /* CollectionCycleCell.xib */,
				7AF1CD3322699F15002DBE91 /* RecommendGameView.swift */,
				7AF1CD3522699F38002DBE91 /* RecommendGameView.xib */,
				7AF1CD372269A5F9002DBE91 /* CollectionGameCell.swift */,
				7AF1CD382269A5F9002DBE91 /* CollectionGameCell.xib */,
				7AC5374E226D90EF001CB912 /* AmuseMenuView.swift */,
				7AC53750226D912A001CB912 /* AmuseMenuView.xib */,
				7AC53752226D9D48001CB912 /* AmuseMenuViewCell.swift */,
				7AC53753226D9D48001CB912 /* AmuseMenuViewCell.xib */,
			);
			path = View;
			sourceTree = "<group>";
		};
		7A0F067122609A7300DD89F5 /* Model */ = {
			isa = PBXGroup;
			children = (
			);
			path = Model;
			sourceTree = "<group>";
		};
		7A0F067222609A7300DD89F5 /* View */ = {
			isa = PBXGroup;
			children = (
			);
			path = View;
			sourceTree = "<group>";
		};
		7A0F067322609A7300DD89F5 /* Contoller */ = {
			isa = PBXGroup;
			children = (
			);
			path = Contoller;
			sourceTree = "<group>";
		};
		7A0F067422609A8400DD89F5 /* Model */ = {
			isa = PBXGroup;
			children = (
			);
			path = Model;
			sourceTree = "<group>";
		};
		7A0F067522609A8400DD89F5 /* View */ = {
			isa = PBXGroup;
			children = (
			);
			path = View;
			sourceTree = "<group>";
		};
		7A0F067622609A8400DD89F5 /* Contoller */ = {
			isa = PBXGroup;
			children = (
			);
			path = Contoller;
			sourceTree = "<group>";
		};
		7A0F067722609A9300DD89F5 /* View */ = {
			isa = PBXGroup;
			children = (
			);
			path = View;
			sourceTree = "<group>";
		};
		7A0F067822609A9300DD89F5 /* Contoller */ = {
			isa = PBXGroup;
			children = (
			);
			path = Contoller;
			sourceTree = "<group>";
		};
		7A0F067922609A9300DD89F5 /* Model */ = {
			isa = PBXGroup;
			children = (
			);
			path = Model;
			sourceTree = "<group>";
		};
		7A0F067C22645A8C00DD89F5 /* Extension */ = {
			isa = PBXGroup;
			children = (
				7A0F067D22645AFF00DD89F5 /* UIBarButtonItem-Extension.swift */,
				7AF1CCEC22648331002DBE91 /* UIColor-Extension.swift */,
				7AF1CD2122672643002DBE91 /* NSDate-Extension.swift */,
			);
			path = Extension;
			sourceTree = "<group>";
		};
		7AC53749226D67BC001CB912 /* ViewModel */ = {
			isa = PBXGroup;
			children = (
				7AC5374A226D67CD001CB912 /* BaseViewModel.swift */,
			);
			path = ViewModel;
			sourceTree = "<group>";
		};
		7AC5375C226E9BA2001CB912 /* Room */ = {
			isa = PBXGroup;
			children = (
				7AC5375E226E9BA2001CB912 /* Model */,
				7AC5375F226E9BA2001CB912 /* View */,
				7AC5375D226E9BA2001CB912 /* Controller */,
			);
			path = Room;
			sourceTree = "<group>";
		};
		7AC5375D226E9BA2001CB912 /* Controller */ = {
			isa = PBXGroup;
			children = (
				7AC53760226E9BE0001CB912 /* RoomShowViewController.swift */,
				7AC53762226E9C0E001CB912 /* RoomNormalViewController.swift */,
			);
			path = Controller;
			sourceTree = "<group>";
		};
		7AC5375E226E9BA2001CB912 /* Model */ = {
			isa = PBXGroup;
			children = (
			);
			path = Model;
			sourceTree = "<group>";
		};
		7AC5375F226E9BA2001CB912 /* View */ = {
			isa = PBXGroup;
			children = (
			);
			path = View;
			sourceTree = "<group>";
		};
		7AF1CD1E22671B8C002DBE91 /* ViewModel */ = {
			isa = PBXGroup;
			children = (
				7AF1CD1F22671C51002DBE91 /* RecommendViewModel.swift */,
				7AF1CD3D2269C6AF002DBE91 /* GameViewModel.swift */,
				7AC53747226D624F001CB912 /* AmuseViewModel.swift */,
				7AC53758226DAE29001CB912 /* FunnyViewModel.swift */,
			);
			path = ViewModel;
			sourceTree = "<group>";
		};
/* End PBXGroup section */

/* Begin PBXNativeTarget section */
		7A0F0638226089F900DD89F5 /* DYLive */ = {
			isa = PBXNativeTarget;
			buildConfigurationList = 7A0F064B226089FA00DD89F5 /* Build configuration list for PBXNativeTarget "DYLive" */;
			buildPhases = (
				BB17D71FCFA61499948E65A2 /* [CP] Check Pods Manifest.lock */,
				7A0F0635226089F900DD89F5 /* Sources */,
				7A0F0636226089F900DD89F5 /* Frameworks */,
				7A0F0637226089F900DD89F5 /* Resources */,
				BD1D780D8110B6ECCD664318 /* [CP] Embed Pods Frameworks */,
			);
			buildRules = (
			);
			dependencies = (
			);
			name = DYLive;
			productName = DYLive;
			productReference = 7A0F0639226089F900DD89F5 /* DYLive.app */;
			productType = "com.apple.product-type.application";
		};
/* End PBXNativeTarget section */

/* Begin PBXProject section */
		7A0F0631226089F900DD89F5 /* Project object */ = {
			isa = PBXProject;
			attributes = {
				LastSwiftUpdateCheck = 1020;
				LastUpgradeCheck = 1020;
				ORGANIZATIONNAME = "君凯商联网";
				TargetAttributes = {
					7A0F0638226089F900DD89F5 = {
						CreatedOnToolsVersion = 10.2;
					};
				};
			};
			buildConfigurationList = 7A0F0634226089F900DD89F5 /* Build configuration list for PBXProject "DYLive" */;
			compatibilityVersion = "Xcode 9.3";
			developmentRegion = en;
			hasScannedForEncodings = 0;
			knownRegions = (
				en,
				Base,
			);
			mainGroup = 7A0F0630226089F900DD89F5;
			productRefGroup = 7A0F063A226089F900DD89F5 /* Products */;
			projectDirPath = "";
			projectRoot = "";
			targets = (
				7A0F0638226089F900DD89F5 /* DYLive */,
			);
		};
/* End PBXProject section */

/* Begin PBXResourcesBuildPhase section */
		7A0F0637226089F900DD89F5 /* Resources */ = {
			isa = PBXResourcesBuildPhase;
			buildActionMask = 2147483647;
			files = (
				7A0F0647226089FA00DD89F5 /* LaunchScreen.storyboard in Resources */,
				7AC53755226D9D48001CB912 /* AmuseMenuViewCell.xib in Resources */,
				7AF1CCF32265D981002DBE91 /* CollectionHeaderView.xib in Resources */,
				7AF1CCF72265DDEC002DBE91 /* CollectionNormalCell.xib in Resources */,
				7A0F0644226089FA00DD89F5 /* Assets.xcassets in Resources */,
				7A0F0642226089F900DD89F5 /* Main.storyboard in Resources */,
				7A0F066222608F1D00DD89F5 /* Live.storyboard in Resources */,
				7A0F066022608ED200DD89F5 /* Home.storyboard in Resources */,
				7AF1CD3A2269A5F9002DBE91 /* CollectionGameCell.xib in Resources */,
				7AC53751226D912A001CB912 /* AmuseMenuView.xib in Resources */,
				7AF1CD2C2269639F002DBE91 /* RecommendCycleView.xib in Resources */,
				7AF1CD3222697BB3002DBE91 /* CollectionCycleCell.xib in Resources */,
				7AF1CCFB2266B457002DBE91 /* CollectionPrettyCell.xib in Resources */,
				7A0F066622608F5F00DD89F5 /* Profile.storyboard in Resources */,
				7AF1CD3622699F38002DBE91 /* RecommendGameView.xib in Resources */,
				7A0F066422608F4200DD89F5 /* Follow.storyboard in Resources */,
			);
			runOnlyForDeploymentPostprocessing = 0;
		};
/* End PBXResourcesBuildPhase section */

/* Begin PBXShellScriptBuildPhase section */
		BB17D71FCFA61499948E65A2 /* [CP] Check Pods Manifest.lock */ = {
			isa = PBXShellScriptBuildPhase;
			buildActionMask = 2147483647;
			files = (
			);
			inputPaths = (
				"${PODS_PODFILE_DIR_PATH}/Podfile.lock",
				"${PODS_ROOT}/Manifest.lock",
			);
			name = "[CP] Check Pods Manifest.lock";
			outputPaths = (
				"$(DERIVED_FILE_DIR)/Pods-DYLive-checkManifestLockResult.txt",
			);
			runOnlyForDeploymentPostprocessing = 0;
			shellPath = /bin/sh;
			shellScript = "diff \"${PODS_PODFILE_DIR_PATH}/Podfile.lock\" \"${PODS_ROOT}/Manifest.lock\" > /dev/null\nif [ $? != 0 ] ; then\n    # print error to STDERR\n    echo \"error: The sandbox is not in sync with the Podfile.lock. Run 'pod install' or update your CocoaPods installation.\" >&2\n    exit 1\nfi\n# This output is used by Xcode 'outputs' to avoid re-running this script phase.\necho \"SUCCESS\" > \"${SCRIPT_OUTPUT_FILE_0}\"\n";
			showEnvVarsInLog = 0;
		};
		BD1D780D8110B6ECCD664318 /* [CP] Embed Pods Frameworks */ = {
			isa = PBXShellScriptBuildPhase;
			buildActionMask = 2147483647;
			files = (
			);
			inputPaths = (
				"${SRCROOT}/Pods/Target Support Files/Pods-DYLive/Pods-DYLive-frameworks.sh",
				"${BUILT_PRODUCTS_DIR}/Alamofire/Alamofire.framework",
				"${BUILT_PRODUCTS_DIR}/Kingfisher/Kingfisher.framework",
			);
			name = "[CP] Embed Pods Frameworks";
			outputPaths = (
				"${TARGET_BUILD_DIR}/${FRAMEWORKS_FOLDER_PATH}/Alamofire.framework",
				"${TARGET_BUILD_DIR}/${FRAMEWORKS_FOLDER_PATH}/Kingfisher.framework",
			);
			runOnlyForDeploymentPostprocessing = 0;
			shellPath = /bin/sh;
			shellScript = "\"${SRCROOT}/Pods/Target Support Files/Pods-DYLive/Pods-DYLive-frameworks.sh\"\n";
			showEnvVarsInLog = 0;
		};
/* End PBXShellScriptBuildPhase section */

/* Begin PBXSourcesBuildPhase section */
		7A0F0635226089F900DD89F5 /* Sources */ = {
			isa = PBXSourcesBuildPhase;
			buildActionMask = 2147483647;
			files = (
				7AF1CD2A22696353002DBE91 /* RecommendCycleView.swift in Sources */,
				7A0F066D22609A2D00DD89F5 /* MainViewController.swift in Sources */,
				7AC53748226D624F001CB912 /* AmuseViewModel.swift in Sources */,
				7AF1CCF22265D981002DBE91 /* CollectionHeaderView.swift in Sources */,
				7AF1CD3E2269C6AF002DBE91 /* GameViewModel.swift in Sources */,
				7AC53765226EA080001CB912 /* CustomNavigationVc.swift in Sources */,
				7AC5375B226DBD71001CB912 /* BaseViewController.swift in Sources */,
				7AF1CCED22648331002DBE91 /* UIColor-Extension.swift in Sources */,
				7AC5374D226D6C68001CB912 /* BaseAnchorViewController.swift in Sources */,
				7AF1CD3C2269B8CF002DBE91 /* GameViewController.swift in Sources */,
				7AF1CCEF2265AC24002DBE91 /* RecommendViewController.swift in Sources */,
				7A0F063D226089F900DD89F5 /* AppDelegate.swift in Sources */,
				7AC53754226D9D48001CB912 /* AmuseMenuViewCell.swift in Sources */,
				7AC53763226E9C0E001CB912 /* RoomNormalViewController.swift in Sources */,
				7AC53757226DAB38001CB912 /* FunnyViewController.swift in Sources */,
				7AF1CD1D226712C9002DBE91 /* NetWorkTools.swift in Sources */,
				7A0F06802264635700DD89F5 /* PageTitleView.swift in Sources */,
				7AC5374B226D67CD001CB912 /* BaseViewModel.swift in Sources */,
				7AF1CD3122697BB3002DBE91 /* CollectionCycleCell.swift in Sources */,
				7AC53742226D4787001CB912 /* GameModel.swift in Sources */,
				7AC53759226DAE29001CB912 /* FunnyViewModel.swift in Sources */,
				7AC53744226D4B92001CB912 /* BaseGameModel.swift in Sources */,
				7AF1CD2E2269778A002DBE91 /* CycleModel.swift in Sources */,
				7AC53746226D5D84001CB912 /* AmuseViewController.swift in Sources */,
				7AF1CCEB22648068002DBE91 /* PageContentView.swift in Sources */,
				7A0F067E22645AFF00DD89F5 /* UIBarButtonItem-Extension.swift in Sources */,
				7A0F06822264653D00DD89F5 /* Common.swift in Sources */,
				7AF1CD3422699F15002DBE91 /* RecommendGameView.swift in Sources */,
				7AF1CD242267297D002DBE91 /* AnchorGroupModel.swift in Sources */,
				7AF1CD2222672643002DBE91 /* NSDate-Extension.swift in Sources */,
				7AF1CD2822684C94002DBE91 /* CollectionBaseCell.swift in Sources */,
				7AC5374F226D90EF001CB912 /* AmuseMenuView.swift in Sources */,
				7AF1CCFA2266B457002DBE91 /* CollectionPrettyCell.swift in Sources */,
				7AF1CD392269A5F9002DBE91 /* CollectionGameCell.swift in Sources */,
				7AF1CCF62265DDEC002DBE91 /* CollectionNormalCell.swift in Sources */,
				7AC53761226E9BE0001CB912 /* RoomShowViewController.swift in Sources */,
				7A0F067B2264547900DD89F5 /* HomeViewController.swift in Sources */,
				7AF1CD2022671C51002DBE91 /* RecommendViewModel.swift in Sources */,
				7AF1CD2622672FDD002DBE91 /* AnchorModel.swift in Sources */,
			);
			runOnlyForDeploymentPostprocessing = 0;
		};
/* End PBXSourcesBuildPhase section */

/* Begin PBXVariantGroup section */
		7A0F0640226089F900DD89F5 /* Main.storyboard */ = {
			isa = PBXVariantGroup;
			children = (
				7A0F0641226089F900DD89F5 /* Base */,
			);
			name = Main.storyboard;
			sourceTree = "<group>";
		};
		7A0F0645226089FA00DD89F5 /* LaunchScreen.storyboard */ = {
			isa = PBXVariantGroup;
			children = (
				7A0F0646226089FA00DD89F5 /* Base */,
			);
			name = LaunchScreen.storyboard;
			sourceTree = "<group>";
		};
/* End PBXVariantGroup section */

/* Begin XCBuildConfiguration section */
		7A0F0649226089FA00DD89F5 /* Debug */ = {
			isa = XCBuildConfiguration;
			buildSettings = {
				ALWAYS_SEARCH_USER_PATHS = NO;
				CLANG_ANALYZER_NONNULL = YES;
				CLANG_ANALYZER_NUMBER_OBJECT_CONVERSION = YES_AGGRESSIVE;
				CLANG_CXX_LANGUAGE_STANDARD = "gnu++14";
				CLANG_CXX_LIBRARY = "libc++";
				CLANG_ENABLE_MODULES = YES;
				CLANG_ENABLE_OBJC_ARC = YES;
				CLANG_ENABLE_OBJC_WEAK = YES;
				CLANG_WARN_BLOCK_CAPTURE_AUTORELEASING = YES;
				CLANG_WARN_BOOL_CONVERSION = YES;
				CLANG_WARN_COMMA = YES;
				CLANG_WARN_CONSTANT_CONVERSION = YES;
				CLANG_WARN_DEPRECATED_OBJC_IMPLEMENTATIONS = YES;
				CLANG_WARN_DIRECT_OBJC_ISA_USAGE = YES_ERROR;
				CLANG_WARN_DOCUMENTATION_COMMENTS = YES;
				CLANG_WARN_EMPTY_BODY = YES;
				CLANG_WARN_ENUM_CONVERSION = YES;
				CLANG_WARN_INFINITE_RECURSION = YES;
				CLANG_WARN_INT_CONVERSION = YES;
				CLANG_WARN_NON_LITERAL_NULL_CONVERSION = YES;
				CLANG_WARN_OBJC_IMPLICIT_RETAIN_SELF = YES;
				CLANG_WARN_OBJC_LITERAL_CONVERSION = YES;
				CLANG_WARN_OBJC_ROOT_CLASS = YES_ERROR;
				CLANG_WARN_RANGE_LOOP_ANALYSIS = YES;
				CLANG_WARN_STRICT_PROTOTYPES = YES;
				CLANG_WARN_SUSPICIOUS_MOVE = YES;
				CLANG_WARN_UNGUARDED_AVAILABILITY = YES_AGGRESSIVE;
				CLANG_WARN_UNREACHABLE_CODE = YES;
				CLANG_WARN__DUPLICATE_METHOD_MATCH = YES;
				CODE_SIGN_IDENTITY = "iPhone Developer";
				COPY_PHASE_STRIP = NO;
				DEBUG_INFORMATION_FORMAT = dwarf;
				ENABLE_STRICT_OBJC_MSGSEND = YES;
				ENABLE_TESTABILITY = YES;
				GCC_C_LANGUAGE_STANDARD = gnu11;
				GCC_DYNAMIC_NO_PIC = NO;
				GCC_NO_COMMON_BLOCKS = YES;
				GCC_OPTIMIZATION_LEVEL = 0;
				GCC_PREPROCESSOR_DEFINITIONS = (
					"DEBUG=1",
					"$(inherited)",
				);
				GCC_WARN_64_TO_32_BIT_CONVERSION = YES;
				GCC_WARN_ABOUT_RETURN_TYPE = YES_ERROR;
				GCC_WARN_UNDECLARED_SELECTOR = YES;
				GCC_WARN_UNINITIALIZED_AUTOS = YES_AGGRESSIVE;
				GCC_WARN_UNUSED_FUNCTION = YES;
				GCC_WARN_UNUSED_VARIABLE = YES;
				IPHONEOS_DEPLOYMENT_TARGET = 12.2;
				MTL_ENABLE_DEBUG_INFO = INCLUDE_SOURCE;
				MTL_FAST_MATH = YES;
				ONLY_ACTIVE_ARCH = YES;
				SDKROOT = iphoneos;
				SWIFT_ACTIVE_COMPILATION_CONDITIONS = DEBUG;
				SWIFT_OPTIMIZATION_LEVEL = "-Onone";
			};
			name = Debug;
		};
		7A0F064A226089FA00DD89F5 /* Release */ = {
			isa = XCBuildConfiguration;
			buildSettings = {
				ALWAYS_SEARCH_USER_PATHS = NO;
				CLANG_ANALYZER_NONNULL = YES;
				CLANG_ANALYZER_NUMBER_OBJECT_CONVERSION = YES_AGGRESSIVE;
				CLANG_CXX_LANGUAGE_STANDARD = "gnu++14";
				CLANG_CXX_LIBRARY = "libc++";
				CLANG_ENABLE_MODULES = YES;
				CLANG_ENABLE_OBJC_ARC = YES;
				CLANG_ENABLE_OBJC_WEAK = YES;
				CLANG_WARN_BLOCK_CAPTURE_AUTORELEASING = YES;
				CLANG_WARN_BOOL_CONVERSION = YES;
				CLANG_WARN_COMMA = YES;
				CLANG_WARN_CONSTANT_CONVERSION = YES;
				CLANG_WARN_DEPRECATED_OBJC_IMPLEMENTATIONS = YES;
				CLANG_WARN_DIRECT_OBJC_ISA_USAGE = YES_ERROR;
				CLANG_WARN_DOCUMENTATION_COMMENTS = YES;
				CLANG_WARN_EMPTY_BODY = YES;
				CLANG_WARN_ENUM_CONVERSION = YES;
				CLANG_WARN_INFINITE_RECURSION = YES;
				CLANG_WARN_INT_CONVERSION = YES;
				CLANG_WARN_NON_LITERAL_NULL_CONVERSION = YES;
				CLANG_WARN_OBJC_IMPLICIT_RETAIN_SELF = YES;
				CLANG_WARN_OBJC_LITERAL_CONVERSION = YES;
				CLANG_WARN_OBJC_ROOT_CLASS = YES_ERROR;
				CLANG_WARN_RANGE_LOOP_ANALYSIS = YES;
				CLANG_WARN_STRICT_PROTOTYPES = YES;
				CLANG_WARN_SUSPICIOUS_MOVE = YES;
				CLANG_WARN_UNGUARDED_AVAILABILITY = YES_AGGRESSIVE;
				CLANG_WARN_UNREACHABLE_CODE = YES;
				CLANG_WARN__DUPLICATE_METHOD_MATCH = YES;
				CODE_SIGN_IDENTITY = "iPhone Developer";
				COPY_PHASE_STRIP = NO;
				DEBUG_INFORMATION_FORMAT = "dwarf-with-dsym";
				ENABLE_NS_ASSERTIONS = NO;
				ENABLE_STRICT_OBJC_MSGSEND = YES;
				GCC_C_LANGUAGE_STANDARD = gnu11;
				GCC_NO_COMMON_BLOCKS = YES;
				GCC_WARN_64_TO_32_BIT_CONVERSION = YES;
				GCC_WARN_ABOUT_RETURN_TYPE = YES_ERROR;
				GCC_WARN_UNDECLARED_SELECTOR = YES;
				GCC_WARN_UNINITIALIZED_AUTOS = YES_AGGRESSIVE;
				GCC_WARN_UNUSED_FUNCTION = YES;
				GCC_WARN_UNUSED_VARIABLE = YES;
				IPHONEOS_DEPLOYMENT_TARGET = 12.2;
				MTL_ENABLE_DEBUG_INFO = NO;
				MTL_FAST_MATH = YES;
				SDKROOT = iphoneos;
				SWIFT_COMPILATION_MODE = wholemodule;
				SWIFT_OPTIMIZATION_LEVEL = "-O";
				VALIDATE_PRODUCT = YES;
			};
			name = Release;
		};
		7A0F064C226089FA00DD89F5 /* Debug */ = {
			isa = XCBuildConfiguration;
			baseConfigurationReference = FB62A64FCB76AE217FEF7140 /* Pods-DYLive.debug.xcconfig */;
			buildSettings = {
				ASSETCATALOG_COMPILER_APPICON_NAME = AppIcon;
				ASSETCATALOG_COMPILER_LAUNCHIMAGE_NAME = LaunchImage;
				CODE_SIGN_STYLE = Automatic;
				INFOPLIST_FILE = DYLive/Info.plist;
				IPHONEOS_DEPLOYMENT_TARGET = 8.0;
				LD_RUNPATH_SEARCH_PATHS = (
					"$(inherited)",
					"@executable_path/Frameworks",
				);
				PRODUCT_BUNDLE_IDENTIFIER = JunKai.DYLive;
				PRODUCT_NAME = "$(TARGET_NAME)";
				SWIFT_VERSION = 5.0;
				TARGETED_DEVICE_FAMILY = "1,2";
			};
			name = Debug;
		};
		7A0F064D226089FA00DD89F5 /* Release */ = {
			isa = XCBuildConfiguration;
			baseConfigurationReference = 40F0C4B231C3CB73660DA66D /* Pods-DYLive.release.xcconfig */;
			buildSettings = {
				ASSETCATALOG_COMPILER_APPICON_NAME = AppIcon;
				ASSETCATALOG_COMPILER_LAUNCHIMAGE_NAME = LaunchImage;
				CODE_SIGN_STYLE = Automatic;
				INFOPLIST_FILE = DYLive/Info.plist;
				IPHONEOS_DEPLOYMENT_TARGET = 8.0;
				LD_RUNPATH_SEARCH_PATHS = (
					"$(inherited)",
					"@executable_path/Frameworks",
				);
				PRODUCT_BUNDLE_IDENTIFIER = JunKai.DYLive;
				PRODUCT_NAME = "$(TARGET_NAME)";
				SWIFT_VERSION = 5.0;
				TARGETED_DEVICE_FAMILY = "1,2";
			};
			name = Release;
		};
/* End XCBuildConfiguration section */

/* Begin XCConfigurationList section */
		7A0F0634226089F900DD89F5 /* Build configuration list for PBXProject "DYLive" */ = {
			isa = XCConfigurationList;
			buildConfigurations = (
				7A0F0649226089FA00DD89F5 /* Debug */,
				7A0F064A226089FA00DD89F5 /* Release */,
			);
			defaultConfigurationIsVisible = 0;
			defaultConfigurationName = Release;
		};
		7A0F064B226089FA00DD89F5 /* Build configuration list for PBXNativeTarget "DYLive" */ = {
			isa = XCConfigurationList;
			buildConfigurations = (
				7A0F064C226089FA00DD89F5 /* Debug */,
				7A0F064D226089FA00DD89F5 /* Release */,
			);
			defaultConfigurationIsVisible = 0;
			defaultConfigurationName = Release;
		};
/* End XCConfigurationList section */
	};
	rootObject = 7A0F0631226089F900DD89F5 /* Project object */;
}
