// !$*UTF8*$!
{
	archiveVersion = 1;
	classes = {
	};
	objectVersion = 50;
	objects = {

/* Begin PBXBuildFile section */
		7A0F063D226089F900DD89F5 /* AppDelegate.swift in Sources */ = {isa = PBXBuildFile; fileRef = 7A0F063C226089F900DD89F5 /* AppDelegate.swift */; };
		7A0F0642226089F900DD89F5 /* Main.storyboard in Resources */ = {isa = PBXBuildFile; fileRef = 7A0F0640226089F900DD89F5 /* Main.storyboard */; };
		7A0F0644226089FA00DD89F5 /* Assets.xcassets in Resources */ = {isa = PBXBuildFile; fileRef = 7A0F0643226089FA00DD89F5 /* Assets.xcassets */; };
		7A0F0647226089FA00DD89F5 /* LaunchScreen.storyboard in Resources */ = {isa = PBXBuildFile; fileRef = 7A0F0645226089FA00DD89F5 /* LaunchScreen.storyboard */; };
		7A0F065622608AE200DD89F5 /* aViewController.swift in Sources */ = {isa = PBXBuildFile; fileRef = 7A0F065522608AE200DD89F5 /* aViewController.swift */; };
		7A0F065822608AEC00DD89F5 /* bViewController.swift in Sources */ = {isa = PBXBuildFile; fileRef = 7A0F065722608AEC00DD89F5 /* bViewController.swift */; };
		7A0F065A22608AF300DD89F5 /* fViewController.swift in Sources */ = {isa = PBXBuildFile; fileRef = 7A0F065922608AF200DD89F5 /* fViewController.swift */; };
		7A0F065C22608AF900DD89F5 /* gViewController.swift in Sources */ = {isa = PBXBuildFile; fileRef = 7A0F065B22608AF900DD89F5 /* gViewController.swift */; };
		7A0F065E22608B0000DD89F5 /* tViewController.swift in Sources */ = {isa = PBXBuildFile; fileRef = 7A0F065D22608B0000DD89F5 /* tViewController.swift */; };
		7A0F066022608ED200DD89F5 /* Home.storyboard in Resources */ = {isa = PBXBuildFile; fileRef = 7A0F065F22608ED200DD89F5 /* Home.storyboard */; };
		7A0F066222608F1D00DD89F5 /* Live.storyboard in Resources */ = {isa = PBXBuildFile; fileRef = 7A0F066122608F1D00DD89F5 /* Live.storyboard */; };
		7A0F066422608F4200DD89F5 /* Follow.storyboard in Resources */ = {isa = PBXBuildFile; fileRef = 7A0F066322608F4200DD89F5 /* Follow.storyboard */; };
		7A0F066622608F5F00DD89F5 /* Profile.storyboard in Resources */ = {isa = PBXBuildFile; fileRef = 7A0F066522608F5F00DD89F5 /* Profile.storyboard */; };
		7A0F0668226093CA00DD89F5 /* MainViewController.swift in Sources */ = {isa = PBXBuildFile; fileRef = 7A0F0667226093CA00DD89F5 /* MainViewController.swift */; };
/* End PBXBuildFile section */

/* Begin PBXFileReference section */
		7A0F0639226089F900DD89F5 /* DYLive.app */ = {isa = PBXFileReference; explicitFileType = wrapper.application; includeInIndex = 0; path = DYLive.app; sourceTree = BUILT_PRODUCTS_DIR; };
		7A0F063C226089F900DD89F5 /* AppDelegate.swift */ = {isa = PBXFileReference; lastKnownFileType = sourcecode.swift; path = AppDelegate.swift; sourceTree = "<group>"; };
		7A0F0641226089F900DD89F5 /* Base */ = {isa = PBXFileReference; lastKnownFileType = file.storyboard; name = Base; path = Base.lproj/Main.storyboard; sourceTree = "<group>"; };
		7A0F0643226089FA00DD89F5 /* Assets.xcassets */ = {isa = PBXFileReference; lastKnownFileType = folder.assetcatalog; path = Assets.xcassets; sourceTree = "<group>"; };
		7A0F0646226089FA00DD89F5 /* Base */ = {isa = PBXFileReference; lastKnownFileType = file.storyboard; name = Base; path = Base.lproj/LaunchScreen.storyboard; sourceTree = "<group>"; };
		7A0F0648226089FA00DD89F5 /* Info.plist */ = {isa = PBXFileReference; lastKnownFileType = text.plist.xml; path = Info.plist; sourceTree = "<group>"; };
		7A0F065522608AE200DD89F5 /* aViewController.swift */ = {isa = PBXFileReference; lastKnownFileType = sourcecode.swift; path = aViewController.swift; sourceTree = "<group>"; };
		7A0F065722608AEC00DD89F5 /* bViewController.swift */ = {isa = PBXFileReference; lastKnownFileType = sourcecode.swift; path = bViewController.swift; sourceTree = "<group>"; };
		7A0F065922608AF200DD89F5 /* fViewController.swift */ = {isa = PBXFileReference; lastKnownFileType = sourcecode.swift; path = fViewController.swift; sourceTree = "<group>"; };
		7A0F065B22608AF900DD89F5 /* gViewController.swift */ = {isa = PBXFileReference; lastKnownFileType = sourcecode.swift; path = gViewController.swift; sourceTree = "<group>"; };
		7A0F065D22608B0000DD89F5 /* tViewController.swift */ = {isa = PBXFileReference; lastKnownFileType = sourcecode.swift; path = tViewController.swift; sourceTree = "<group>"; };
		7A0F065F22608ED200DD89F5 /* Home.storyboard */ = {isa = PBXFileReference; fileEncoding = 4; lastKnownFileType = file.storyboard; name = Home.storyboard; path = DYLive/Classes/Home/Home.storyboard; sourceTree = "<group>"; };
		7A0F066122608F1D00DD89F5 /* Live.storyboard */ = {isa = PBXFileReference; fileEncoding = 4; lastKnownFileType = file.storyboard; name = Live.storyboard; path = DYLive/Classes/Live/Live.storyboard; sourceTree = "<group>"; };
		7A0F066322608F4200DD89F5 /* Follow.storyboard */ = {isa = PBXFileReference; fileEncoding = 4; lastKnownFileType = file.storyboard; name = Follow.storyboard; path = DYLive/Classes/Follow/Follow.storyboard; sourceTree = "<group>"; };
		7A0F066522608F5F00DD89F5 /* Profile.storyboard */ = {isa = PBXFileReference; fileEncoding = 4; lastKnownFileType = file.storyboard; name = Profile.storyboard; path = DYLive/Classes/Profile/Profile.storyboard; sourceTree = "<group>"; };
		7A0F0667226093CA00DD89F5 /* MainViewController.swift */ = {isa = PBXFileReference; lastKnownFileType = sourcecode.swift; path = MainViewController.swift; sourceTree = "<group>"; };
/* End PBXFileReference section */

/* Begin PBXFrameworksBuildPhase section */
		7A0F0636226089F900DD89F5 /* Frameworks */ = {
			isa = PBXFrameworksBuildPhase;
			buildActionMask = 2147483647;
			files = (
			);
			runOnlyForDeploymentPostprocessing = 0;
		};
/* End PBXFrameworksBuildPhase section */

/* Begin PBXGroup section */
		7A0F0630226089F900DD89F5 = {
			isa = PBXGroup;
			children = (
				7A0F066522608F5F00DD89F5 /* Profile.storyboard */,
				7A0F066322608F4200DD89F5 /* Follow.storyboard */,
				7A0F066122608F1D00DD89F5 /* Live.storyboard */,
				7A0F065F22608ED200DD89F5 /* Home.storyboard */,
				7A0F063B226089F900DD89F5 /* DYLive */,
				7A0F063A226089F900DD89F5 /* Products */,
			);
			sourceTree = "<group>";
		};
		7A0F063A226089F900DD89F5 /* Products */ = {
			isa = PBXGroup;
			children = (
				7A0F0639226089F900DD89F5 /* DYLive.app */,
			);
			name = Products;
			sourceTree = "<group>";
		};
		7A0F063B226089F900DD89F5 /* DYLive */ = {
			isa = PBXGroup;
			children = (
				7A0F064E22608A5A00DD89F5 /* Classes */,
				7A0F063C226089F900DD89F5 /* AppDelegate.swift */,
				7A0F0645226089FA00DD89F5 /* LaunchScreen.storyboard */,
				7A0F0648226089FA00DD89F5 /* Info.plist */,
				7A0F0643226089FA00DD89F5 /* Assets.xcassets */,
			);
			path = DYLive;
			sourceTree = "<group>";
		};
		7A0F064E22608A5A00DD89F5 /* Classes */ = {
			isa = PBXGroup;
			children = (
				7A0F065422608A5A00DD89F5 /* Main */,
				7A0F064F22608A5A00DD89F5 /* Home */,
				7A0F065322608A5A00DD89F5 /* Live */,
				7A0F065122608A5A00DD89F5 /* Follow */,
				7A0F065222608A5A00DD89F5 /* Profile */,
				7A0F065022608A5A00DD89F5 /* Tools */,
			);
			path = Classes;
			sourceTree = "<group>";
		};
		7A0F064F22608A5A00DD89F5 /* Home */ = {
			isa = PBXGroup;
			children = (
				7A0F065522608AE200DD89F5 /* aViewController.swift */,
			);
			path = Home;
			sourceTree = "<group>";
		};
		7A0F065022608A5A00DD89F5 /* Tools */ = {
			isa = PBXGroup;
			children = (
				7A0F065D22608B0000DD89F5 /* tViewController.swift */,
			);
			path = Tools;
			sourceTree = "<group>";
		};
		7A0F065122608A5A00DD89F5 /* Follow */ = {
			isa = PBXGroup;
			children = (
				7A0F065922608AF200DD89F5 /* fViewController.swift */,
			);
			path = Follow;
			sourceTree = "<group>";
		};
		7A0F065222608A5A00DD89F5 /* Profile */ = {
			isa = PBXGroup;
			children = (
				7A0F065B22608AF900DD89F5 /* gViewController.swift */,
			);
			path = Profile;
			sourceTree = "<group>";
		};
		7A0F065322608A5A00DD89F5 /* Live */ = {
			isa = PBXGroup;
			children = (
				7A0F065722608AEC00DD89F5 /* bViewController.swift */,
			);
			path = Live;
			sourceTree = "<group>";
		};
		7A0F065422608A5A00DD89F5 /* Main */ = {
			isa = PBXGroup;
			children = (
				7A0F0640226089F900DD89F5 /* Main.storyboard */,
				7A0F0667226093CA00DD89F5 /* MainViewController.swift */,
			);
			path = Main;
			sourceTree = "<group>";
		};
/* End PBXGroup section */

/* Begin PBXNativeTarget section */
		7A0F0638226089F900DD89F5 /* DYLive */ = {
			isa = PBXNativeTarget;
			buildConfigurationList = 7A0F064B226089FA00DD89F5 /* Build configuration list for PBXNativeTarget "DYLive" */;
			buildPhases = (
				7A0F0635226089F900DD89F5 /* Sources */,
				7A0F0636226089F900DD89F5 /* Frameworks */,
				7A0F0637226089F900DD89F5 /* Resources */,
			);
			buildRules = (
			);
			dependencies = (
			);
			name = DYLive;
			productName = DYLive;
			productReference = 7A0F0639226089F900DD89F5 /* DYLive.app */;
			productType = "com.apple.product-type.application";
		};
/* End PBXNativeTarget section */

/* Begin PBXProject section */
		7A0F0631226089F900DD89F5 /* Project object */ = {
			isa = PBXProject;
			attributes = {
				LastSwiftUpdateCheck = 1020;
				LastUpgradeCheck = 1020;
				ORGANIZATIONNAME = "君凯商联网";
				TargetAttributes = {
					7A0F0638226089F900DD89F5 = {
						CreatedOnToolsVersion = 10.2;
					};
				};
			};
			buildConfigurationList = 7A0F0634226089F900DD89F5 /* Build configuration list for PBXProject "DYLive" */;
			compatibilityVersion = "Xcode 9.3";
			developmentRegion = en;
			hasScannedForEncodings = 0;
			knownRegions = (
				en,
				Base,
			);
			mainGroup = 7A0F0630226089F900DD89F5;
			productRefGroup = 7A0F063A226089F900DD89F5 /* Products */;
			projectDirPath = "";
			projectRoot = "";
			targets = (
				7A0F0638226089F900DD89F5 /* DYLive */,
			);
		};
/* End PBXProject section */

/* Begin PBXResourcesBuildPhase section */
		7A0F0637226089F900DD89F5 /* Resources */ = {
			isa = PBXResourcesBuildPhase;
			buildActionMask = 2147483647;
			files = (
				7A0F0647226089FA00DD89F5 /* LaunchScreen.storyboard in Resources */,
				7A0F0644226089FA00DD89F5 /* Assets.xcassets in Resources */,
				7A0F0642226089F900DD89F5 /* Main.storyboard in Resources */,
				7A0F066222608F1D00DD89F5 /* Live.storyboard in Resources */,
				7A0F066022608ED200DD89F5 /* Home.storyboard in Resources */,
				7A0F066622608F5F00DD89F5 /* Profile.storyboard in Resources */,
				7A0F066422608F4200DD89F5 /* Follow.storyboard in Resources */,
			);
			runOnlyForDeploymentPostprocessing = 0;
		};
/* End PBXResourcesBuildPhase section */

/* Begin PBXSourcesBuildPhase section */
		7A0F0635226089F900DD89F5 /* Sources */ = {
			isa = PBXSourcesBuildPhase;
			buildActionMask = 2147483647;
			files = (
				7A0F0668226093CA00DD89F5 /* MainViewController.swift in Sources */,
				7A0F065622608AE200DD89F5 /* aViewController.swift in Sources */,
				7A0F065E22608B0000DD89F5 /* tViewController.swift in Sources */,
				7A0F065C22608AF900DD89F5 /* gViewController.swift in Sources */,
				7A0F065A22608AF300DD89F5 /* fViewController.swift in Sources */,
				7A0F065822608AEC00DD89F5 /* bViewController.swift in Sources */,
				7A0F063D226089F900DD89F5 /* AppDelegate.swift in Sources */,
			);
			runOnlyForDeploymentPostprocessing = 0;
		};
/* End PBXSourcesBuildPhase section */

/* Begin PBXVariantGroup section */
		7A0F0640226089F900DD89F5 /* Main.storyboard */ = {
			isa = PBXVariantGroup;
			children = (
				7A0F0641226089F900DD89F5 /* Base */,
			);
			name = Main.storyboard;
			sourceTree = "<group>";
		};
		7A0F0645226089FA00DD89F5 /* LaunchScreen.storyboard */ = {
			isa = PBXVariantGroup;
			children = (
				7A0F0646226089FA00DD89F5 /* Base */,
			);
			name = LaunchScreen.storyboard;
			sourceTree = "<group>";
		};
/* End PBXVariantGroup section */

/* Begin XCBuildConfiguration section */
		7A0F0649226089FA00DD89F5 /* Debug */ = {
			isa = XCBuildConfiguration;
			buildSettings = {
				ALWAYS_SEARCH_USER_PATHS = NO;
				CLANG_ANALYZER_NONNULL = YES;
				CLANG_ANALYZER_NUMBER_OBJECT_CONVERSION = YES_AGGRESSIVE;
				CLANG_CXX_LANGUAGE_STANDARD = "gnu++14";
				CLANG_CXX_LIBRARY = "libc++";
				CLANG_ENABLE_MODULES = YES;
				CLANG_ENABLE_OBJC_ARC = YES;
				CLANG_ENABLE_OBJC_WEAK = YES;
				CLANG_WARN_BLOCK_CAPTURE_AUTORELEASING = YES;
				CLANG_WARN_BOOL_CONVERSION = YES;
				CLANG_WARN_COMMA = YES;
				CLANG_WARN_CONSTANT_CONVERSION = YES;
				CLANG_WARN_DEPRECATED_OBJC_IMPLEMENTATIONS = YES;
				CLANG_WARN_DIRECT_OBJC_ISA_USAGE = YES_ERROR;
				CLANG_WARN_DOCUMENTATION_COMMENTS = YES;
				CLANG_WARN_EMPTY_BODY = YES;
				CLANG_WARN_ENUM_CONVERSION = YES;
				CLANG_WARN_INFINITE_RECURSION = YES;
				CLANG_WARN_INT_CONVERSION = YES;
				CLANG_WARN_NON_LITERAL_NULL_CONVERSION = YES;
				CLANG_WARN_OBJC_IMPLICIT_RETAIN_SELF = YES;
				CLANG_WARN_OBJC_LITERAL_CONVERSION = YES;
				CLANG_WARN_OBJC_ROOT_CLASS = YES_ERROR;
				CLANG_WARN_RANGE_LOOP_ANALYSIS = YES;
				CLANG_WARN_STRICT_PROTOTYPES = YES;
				CLANG_WARN_SUSPICIOUS_MOVE = YES;
				CLANG_WARN_UNGUARDED_AVAILABILITY = YES_AGGRESSIVE;
				CLANG_WARN_UNREACHABLE_CODE = YES;
				CLANG_WARN__DUPLICATE_METHOD_MATCH = YES;
				CODE_SIGN_IDENTITY = "iPhone Developer";
				COPY_PHASE_STRIP = NO;
				DEBUG_INFORMATION_FORMAT = dwarf;
				ENABLE_STRICT_OBJC_MSGSEND = YES;
				ENABLE_TESTABILITY = YES;
				GCC_C_LANGUAGE_STANDARD = gnu11;
				GCC_DYNAMIC_NO_PIC = NO;
				GCC_NO_COMMON_BLOCKS = YES;
				GCC_OPTIMIZATION_LEVEL = 0;
				GCC_PREPROCESSOR_DEFINITIONS = (
					"DEBUG=1",
					"$(inherited)",
				);
				GCC_WARN_64_TO_32_BIT_CONVERSION = YES;
				GCC_WARN_ABOUT_RETURN_TYPE = YES_ERROR;
				GCC_WARN_UNDECLARED_SELECTOR = YES;
				GCC_WARN_UNINITIALIZED_AUTOS = YES_AGGRESSIVE;
				GCC_WARN_UNUSED_FUNCTION = YES;
				GCC_WARN_UNUSED_VARIABLE = YES;
				IPHONEOS_DEPLOYMENT_TARGET = 12.2;
				MTL_ENABLE_DEBUG_INFO = INCLUDE_SOURCE;
				MTL_FAST_MATH = YES;
				ONLY_ACTIVE_ARCH = YES;
				SDKROOT = iphoneos;
				SWIFT_ACTIVE_COMPILATION_CONDITIONS = DEBUG;
				SWIFT_OPTIMIZATION_LEVEL = "-Onone";
			};
			name = Debug;
		};
		7A0F064A226089FA00DD89F5 /* Release */ = {
			isa = XCBuildConfiguration;
			buildSettings = {
				ALWAYS_SEARCH_USER_PATHS = NO;
				CLANG_ANALYZER_NONNULL = YES;
				CLANG_ANALYZER_NUMBER_OBJECT_CONVERSION = YES_AGGRESSIVE;
				CLANG_CXX_LANGUAGE_STANDARD = "gnu++14";
				CLANG_CXX_LIBRARY = "libc++";
				CLANG_ENABLE_MODULES = YES;
				CLANG_ENABLE_OBJC_ARC = YES;
				CLANG_ENABLE_OBJC_WEAK = YES;
				CLANG_WARN_BLOCK_CAPTURE_AUTORELEASING = YES;
				CLANG_WARN_BOOL_CONVERSION = YES;
				CLANG_WARN_COMMA = YES;
				CLANG_WARN_CONSTANT_CONVERSION = YES;
				CLANG_WARN_DEPRECATED_OBJC_IMPLEMENTATIONS = YES;
				CLANG_WARN_DIRECT_OBJC_ISA_USAGE = YES_ERROR;
				CLANG_WARN_DOCUMENTATION_COMMENTS = YES;
				CLANG_WARN_EMPTY_BODY = YES;
				CLANG_WARN_ENUM_CONVERSION = YES;
				CLANG_WARN_INFINITE_RECURSION = YES;
				CLANG_WARN_INT_CONVERSION = YES;
				CLANG_WARN_NON_LITERAL_NULL_CONVERSION = YES;
				CLANG_WARN_OBJC_IMPLICIT_RETAIN_SELF = YES;
				CLANG_WARN_OBJC_LITERAL_CONVERSION = YES;
				CLANG_WARN_OBJC_ROOT_CLASS = YES_ERROR;
				CLANG_WARN_RANGE_LOOP_ANALYSIS = YES;
				CLANG_WARN_STRICT_PROTOTYPES = YES;
				CLANG_WARN_SUSPICIOUS_MOVE = YES;
				CLANG_WARN_UNGUARDED_AVAILABILITY = YES_AGGRESSIVE;
				CLANG_WARN_UNREACHABLE_CODE = YES;
				CLANG_WARN__DUPLICATE_METHOD_MATCH = YES;
				CODE_SIGN_IDENTITY = "iPhone Developer";
				COPY_PHASE_STRIP = NO;
				DEBUG_INFORMATION_FORMAT = "dwarf-with-dsym";
				ENABLE_NS_ASSERTIONS = NO;
				ENABLE_STRICT_OBJC_MSGSEND = YES;
				GCC_C_LANGUAGE_STANDARD = gnu11;
				GCC_NO_COMMON_BLOCKS = YES;
				GCC_WARN_64_TO_32_BIT_CONVERSION = YES;
				GCC_WARN_ABOUT_RETURN_TYPE = YES_ERROR;
				GCC_WARN_UNDECLARED_SELECTOR = YES;
				GCC_WARN_UNINITIALIZED_AUTOS = YES_AGGRESSIVE;
				GCC_WARN_UNUSED_FUNCTION = YES;
				GCC_WARN_UNUSED_VARIABLE = YES;
				IPHONEOS_DEPLOYMENT_TARGET = 12.2;
				MTL_ENABLE_DEBUG_INFO = NO;
				MTL_FAST_MATH = YES;
				SDKROOT = iphoneos;
				SWIFT_COMPILATION_MODE = wholemodule;
				SWIFT_OPTIMIZATION_LEVEL = "-O";
				VALIDATE_PRODUCT = YES;
			};
			name = Release;
		};
		7A0F064C226089FA00DD89F5 /* Debug */ = {
			isa = XCBuildConfiguration;
			buildSettings = {
				ASSETCATALOG_COMPILER_APPICON_NAME = AppIcon;
				ASSETCATALOG_COMPILER_LAUNCHIMAGE_NAME = LaunchImage;
				CODE_SIGN_STYLE = Automatic;
				INFOPLIST_FILE = DYLive/Info.plist;
				IPHONEOS_DEPLOYMENT_TARGET = 8.0;
				LD_RUNPATH_SEARCH_PATHS = (
					"$(inherited)",
					"@executable_path/Frameworks",
				);
				PRODUCT_BUNDLE_IDENTIFIER = JunKai.DYLive;
				PRODUCT_NAME = "$(TARGET_NAME)";
				SWIFT_VERSION = 5.0;
				TARGETED_DEVICE_FAMILY = "1,2";
			};
			name = Debug;
		};
		7A0F064D226089FA00DD89F5 /* Release */ = {
			isa = XCBuildConfiguration;
			buildSettings = {
				ASSETCATALOG_COMPILER_APPICON_NAME = AppIcon;
				ASSETCATALOG_COMPILER_LAUNCHIMAGE_NAME = LaunchImage;
				CODE_SIGN_STYLE = Automatic;
				INFOPLIST_FILE = DYLive/Info.plist;
				IPHONEOS_DEPLOYMENT_TARGET = 8.0;
				LD_RUNPATH_SEARCH_PATHS = (
					"$(inherited)",
					"@executable_path/Frameworks",
				);
				PRODUCT_BUNDLE_IDENTIFIER = JunKai.DYLive;
				PRODUCT_NAME = "$(TARGET_NAME)";
				SWIFT_VERSION = 5.0;
				TARGETED_DEVICE_FAMILY = "1,2";
			};
			name = Release;
		};
/* End XCBuildConfiguration section */

/* Begin XCConfigurationList section */
		7A0F0634226089F900DD89F5 /* Build configuration list for PBXProject "DYLive" */ = {
			isa = XCConfigurationList;
			buildConfigurations = (
				7A0F0649226089FA00DD89F5 /* Debug */,
				7A0F064A226089FA00DD89F5 /* Release */,
			);
			defaultConfigurationIsVisible = 0;
			defaultConfigurationName = Release;
		};
		7A0F064B226089FA00DD89F5 /* Build configuration list for PBXNativeTarget "DYLive" */ = {
			isa = XCConfigurationList;
			buildConfigurations = (
				7A0F064C226089FA00DD89F5 /* Debug */,
				7A0F064D226089FA00DD89F5 /* Release */,
			);
			defaultConfigurationIsVisible = 0;
			defaultConfigurationName = Release;
		};
/* End XCConfigurationList section */
	};
	rootObject = 7A0F0631226089F900DD89F5 /* Project object */;
}
